
Microsoft Visual Studio Solution File, Format Version 12.00
# Visual Studio Version 16
VisualStudioVersion = 16.0.31410.357
MinimumVisualStudioVersion = 10.0.40219.1
Project("{FAE04EC0-301F-11D3-BF4B-00C04F79EFBC}") = "SportApp.Android", "SportApp\SportApp.Android\SportApp.Android.csproj", "{0B7C29B4-9307-4590-9EF7-3276FBDFDC55}"
EndProject
Project("{9A19103F-16F7-4668-BE54-9A1E7A4F7556}") = "SportApp", "SportApp\SportApp\SportApp.csproj", "{57CC9263-8F9D-473C-90D5-FCB8258A8E87}"
EndProject
Global
	GlobalSection(SolutionConfigurationPlatforms) = preSolution
		Debug|Any CPU = Debug|Any CPU
		Debug|x64 = Debug|x64
		Release|Any CPU = Release|Any CPU
		Release|x64 = Release|x64
	EndGlobalSection
	GlobalSection(ProjectConfigurationPlatforms) = postSolution
		{0B7C29B4-9307-4590-9EF7-3276FBDFDC55}.Debug|Any CPU.ActiveCfg = Debug|Any CPU
		{0B7C29B4-9307-4590-9EF7-3276FBDFDC55}.Debug|Any CPU.Build.0 = Debug|Any CPU
		{0B7C29B4-9307-4590-9EF7-3276FBDFDC55}.Debug|Any CPU.Deploy.0 = Debug|Any CPU
		{0B7C29B4-9307-4590-9EF7-3276FBDFDC55}.Debug|x64.ActiveCfg = Debug|Any CPU
		{0B7C29B4-9307-4590-9EF7-3276FBDFDC55}.Debug|x64.Build.0 = Debug|Any CPU
		{0B7C29B4-9307-4590-9EF7-3276FBDFDC55}.Debug|x64.Deploy.0 = Debug|Any CPU
		{0B7C29B4-9307-4590-9EF7-3276FBDFDC55}.Release|Any CPU.ActiveCfg = Release|Any CPU
		{0B7C29B4-9307-4590-9EF7-3276FBDFDC55}.Release|Any CPU.Build.0 = Release|Any CPU
		{0B7C29B4-9307-4590-9EF7-3276FBDFDC55}.Release|Any CPU.Deploy.0 = Release|Any CPU
		{0B7C29B4-9307-4590-9EF7-3276FBDFDC55}.Release|x64.ActiveCfg = Release|Any CPU
		{0B7C29B4-9307-4590-9EF7-3276FBDFDC55}.Release|x64.Build.0 = Release|Any CPU
		{0B7C29B4-9307-4590-9EF7-3276FBDFDC55}.Release|x64.Deploy.0 = Release|Any CPU
		{57CC9263-8F9D-473C-90D5-FCB8258A8E87}.Debug|Any CPU.ActiveCfg = Debug|Any CPU
		{57CC9263-8F9D-473C-90D5-FCB8258A8E87}.Debug|Any CPU.Build.0 = Debug|Any CPU
		{57CC9263-8F9D-473C-90D5-FCB8258A8E87}.Debug|Any CPU.Deploy.0 = Debug|Any CPU
		{57CC9263-8F9D-473C-90D5-FCB8258A8E87}.Debug|x64.ActiveCfg = Debug|x64
		{57CC9263-8F9D-473C-90D5-FCB8258A8E87}.Debug|x64.Build.0 = Debug|x64
		{57CC9263-8F9D-473C-90D5-FCB8258A8E87}.Release|Any CPU.ActiveCfg = Release|Any CPU
		{57CC9263-8F9D-473C-90D5-FCB8258A8E87}.Release|Any CPU.Build.0 = Release|Any CPU
		{57CC9263-8F9D-473C-90D5-FCB8258A8E87}.Release|Any CPU.Deploy.0 = Release|Any CPU
		{57CC9263-8F9D-473C-90D5-FCB8258A8E87}.Release|x64.ActiveCfg = Release|x64
		{57CC9263-8F9D-473C-90D5-FCB8258A8E87}.Release|x64.Build.0 = Release|x64
	EndGlobalSection
	GlobalSection(SolutionProperties) = preSolution
		HideSolutionNode = FALSE
	EndGlobalSection
	GlobalSection(ExtensibilityGlobals) = postSolution
		SolutionGuid = {21FE1246-14C7-4F5D-AEB9-15663CFEDDFE}
	EndGlobalSection
EndGlobal
